
Microsoft Visual Studio Solution File, Format Version 12.00
# Visual Studio Version 17
VisualStudioVersion = 17.0.31808.319
MinimumVisualStudioVersion = 10.0.40219.1
Project("{2150E333-8FDC-42A3-9474-1A3956D46DE8}") = "Solution Items", "Solution Items", "{3ADEC19D-8737-4C98-9294-C0DBE73938F8}"
	ProjectSection(SolutionItems) = preProject
		.editorconfig = .editorconfig
	EndProjectSection
EndProject
Project("{2150E333-8FDC-42A3-9474-1A3956D46DE8}") = "src", "src", "{425EB901-1EF7-49CD-BE69-08B4A7A8A967}"
EndProject
Project("{FAE04EC0-301F-11D3-BF4B-00C04F79EFBC}") = "Garciss.UnitOfWork", "src\Garciss.UnitOfWork\Garciss.UnitOfWork.csproj", "{D0BC4744-7486-45AA-9FE6-6B07B0B87894}"
EndProject
Global
	GlobalSection(SolutionProperties) = preSolution
		HideSolutionNode = FALSE
	EndGlobalSection
	GlobalSection(ExtensibilityGlobals) = postSolution
		SolutionGuid = {D9910F84-F791-4753-8A02-193B05CB3472}
	EndGlobalSection
	GlobalSection(SolutionConfigurationPlatforms) = preSolution
		Debug|Any CPU = Debug|Any CPU
		Debug|x64 = Debug|x64
		Debug|x86 = Debug|x86
		Release|Any CPU = Release|Any CPU
		Release|x64 = Release|x64
		Release|x86 = Release|x86
	EndGlobalSection
	GlobalSection(ProjectConfigurationPlatforms) = postSolution
		{D0BC4744-7486-45AA-9FE6-6B07B0B87894}.Debug|Any CPU.ActiveCfg = Debug|Any CPU
		{D0BC4744-7486-45AA-9FE6-6B07B0B87894}.Debug|Any CPU.Build.0 = Debug|Any CPU
		{D0BC4744-7486-45AA-9FE6-6B07B0B87894}.Debug|x64.ActiveCfg = Debug|Any CPU
		{D0BC4744-7486-45AA-9FE6-6B07B0B87894}.Debug|x64.Build.0 = Debug|Any CPU
		{D0BC4744-7486-45AA-9FE6-6B07B0B87894}.Debug|x86.ActiveCfg = Debug|Any CPU
		{D0BC4744-7486-45AA-9FE6-6B07B0B87894}.Debug|x86.Build.0 = Debug|Any CPU
		{D0BC4744-7486-45AA-9FE6-6B07B0B87894}.Release|Any CPU.ActiveCfg = Release|Any CPU
		{D0BC4744-7486-45AA-9FE6-6B07B0B87894}.Release|Any CPU.Build.0 = Release|Any CPU
		{D0BC4744-7486-45AA-9FE6-6B07B0B87894}.Release|x64.ActiveCfg = Release|Any CPU
		{D0BC4744-7486-45AA-9FE6-6B07B0B87894}.Release|x64.Build.0 = Release|Any CPU
		{D0BC4744-7486-45AA-9FE6-6B07B0B87894}.Release|x86.ActiveCfg = Release|Any CPU
		{D0BC4744-7486-45AA-9FE6-6B07B0B87894}.Release|x86.Build.0 = Release|Any CPU
	EndGlobalSection
	GlobalSection(NestedProjects) = preSolution
		{D0BC4744-7486-45AA-9FE6-6B07B0B87894} = {425EB901-1EF7-49CD-BE69-08B4A7A8A967}
	EndGlobalSection
EndGlobal
